// !$*UTF8*$!
{
	archiveVersion = 1;
	classes = {
	};
	objectVersion = 46;
	objects = {

/* Begin PBXBuildFile section */
		6305BBBE1F330A8E00C58714 /* AppDelegate.swift in Sources */ = {isa = PBXBuildFile; fileRef = 6305BBBD1F330A8E00C58714 /* AppDelegate.swift */; };
		6305BBC01F330A8E00C58714 /* ViewController.swift in Sources */ = {isa = PBXBuildFile; fileRef = 6305BBBF1F330A8E00C58714 /* ViewController.swift */; };
		6305BBC31F330A8E00C58714 /* Main.storyboard in Resources */ = {isa = PBXBuildFile; fileRef = 6305BBC11F330A8E00C58714 /* Main.storyboard */; };
		6305BBC51F330A8E00C58714 /* Assets.xcassets in Resources */ = {isa = PBXBuildFile; fileRef = 6305BBC41F330A8E00C58714 /* Assets.xcassets */; };
		6305BBC81F330A8E00C58714 /* LaunchScreen.storyboard in Resources */ = {isa = PBXBuildFile; fileRef = 6305BBC61F330A8E00C58714 /* LaunchScreen.storyboard */; };
		6305BBD01F3324B600C58714 /* LoginViewController.swift in Sources */ = {isa = PBXBuildFile; fileRef = 6305BBCF1F3324B600C58714 /* LoginViewController.swift */; };
		6305BBD21F3324C400C58714 /* MainScreenViewController.swift in Sources */ = {isa = PBXBuildFile; fileRef = 6305BBD11F3324C400C58714 /* MainScreenViewController.swift */; };
/* End PBXBuildFile section */

/* Begin PBXFileReference section */
		6305BBBA1F330A8E00C58714 /* LoginwithCoinsecureAPI.app */ = {isa = PBXFileReference; explicitFileType = wrapper.application; includeInIndex = 0; path = LoginwithCoinsecureAPI.app; sourceTree = BUILT_PRODUCTS_DIR; };
		6305BBBD1F330A8E00C58714 /* AppDelegate.swift */ = {isa = PBXFileReference; lastKnownFileType = sourcecode.swift; path = AppDelegate.swift; sourceTree = "<group>"; };
		6305BBBF1F330A8E00C58714 /* ViewController.swift */ = {isa = PBXFileReference; lastKnownFileType = sourcecode.swift; path = ViewController.swift; sourceTree = "<group>"; };
		6305BBC21F330A8E00C58714 /* Base */ = {isa = PBXFileReference; lastKnownFileType = file.storyboard; name = Base; path = Base.lproj/Main.storyboard; sourceTree = "<group>"; };
		6305BBC41F330A8E00C58714 /* Assets.xcassets */ = {isa = PBXFileReference; lastKnownFileType = folder.assetcatalog; path = Assets.xcassets; sourceTree = "<group>"; };
		6305BBC71F330A8E00C58714 /* Base */ = {isa = PBXFileReference; lastKnownFileType = file.storyboard; name = Base; path = Base.lproj/LaunchScreen.storyboard; sourceTree = "<group>"; };
		6305BBC91F330A8E00C58714 /* Info.plist */ = {isa = PBXFileReference; lastKnownFileType = text.plist.xml; path = Info.plist; sourceTree = "<group>"; };
		6305BBCF1F3324B600C58714 /* LoginViewController.swift */ = {isa = PBXFileReference; fileEncoding = 4; lastKnownFileType = sourcecode.swift; path = LoginViewController.swift; sourceTree = "<group>"; };
		6305BBD11F3324C400C58714 /* MainScreenViewController.swift */ = {isa = PBXFileReference; fileEncoding = 4; lastKnownFileType = sourcecode.swift; path = MainScreenViewController.swift; sourceTree = "<group>"; };
/* End PBXFileReference section */

/* Begin PBXFrameworksBuildPhase section */
		6305BBB71F330A8E00C58714 /* Frameworks */ = {
			isa = PBXFrameworksBuildPhase;
			buildActionMask = 2147483647;
			files = (
			);
			runOnlyForDeploymentPostprocessing = 0;
		};
/* End PBXFrameworksBuildPhase section */

/* Begin PBXGroup section */
		6305BBB11F330A8E00C58714 = {
			isa = PBXGroup;
			children = (
				6305BBBC1F330A8E00C58714 /* LoginwithCoinsecureAPI */,
				6305BBBB1F330A8E00C58714 /* Products */,
			);
			sourceTree = "<group>";
		};
		6305BBBB1F330A8E00C58714 /* Products */ = {
			isa = PBXGroup;
			children = (
				6305BBBA1F330A8E00C58714 /* LoginwithCoinsecureAPI.app */,
			);
			name = Products;
			sourceTree = "<group>";
		};
		6305BBBC1F330A8E00C58714 /* LoginwithCoinsecureAPI */ = {
			isa = PBXGroup;
			children = (
				6305BBBD1F330A8E00C58714 /* AppDelegate.swift */,
				6305BBBF1F330A8E00C58714 /* ViewController.swift */,
				6305BBC11F330A8E00C58714 /* Main.storyboard */,
				6305BBC41F330A8E00C58714 /* Assets.xcassets */,
				6305BBC61F330A8E00C58714 /* LaunchScreen.storyboard */,
				6305BBC91F330A8E00C58714 /* Info.plist */,
				6305BBCF1F3324B600C58714 /* LoginViewController.swift */,
				6305BBD11F3324C400C58714 /* MainScreenViewController.swift */,
			);
			path = LoginwithCoinsecureAPI;
			sourceTree = "<group>";
		};
/* End PBXGroup section */

/* Begin PBXNativeTarget section */
		6305BBB91F330A8E00C58714 /* LoginwithCoinsecureAPI */ = {
			isa = PBXNativeTarget;
			buildConfigurationList = 6305BBCC1F330A8E00C58714 /* Build configuration list for PBXNativeTarget "LoginwithCoinsecureAPI" */;
			buildPhases = (
				6305BBB61F330A8E00C58714 /* Sources */,
				6305BBB71F330A8E00C58714 /* Frameworks */,
				6305BBB81F330A8E00C58714 /* Resources */,
			);
			buildRules = (
			);
			dependencies = (
			);
			name = LoginwithCoinsecureAPI;
			productName = LoginwithCoinsecureAPI;
			productReference = 6305BBBA1F330A8E00C58714 /* LoginwithCoinsecureAPI.app */;
			productType = "com.apple.product-type.application";
		};
/* End PBXNativeTarget section */

/* Begin PBXProject section */
		6305BBB21F330A8E00C58714 /* Project object */ = {
			isa = PBXProject;
			attributes = {
				LastSwiftUpdateCheck = 0830;
				LastUpgradeCheck = 0830;
				ORGANIZATIONNAME = David;
				TargetAttributes = {
					6305BBB91F330A8E00C58714 = {
						CreatedOnToolsVersion = 8.3.2;
						DevelopmentTeam = 7CZRA7KNK3;
						ProvisioningStyle = Automatic;
					};
				};
			};
			buildConfigurationList = 6305BBB51F330A8E00C58714 /* Build configuration list for PBXProject "LoginwithCoinsecureAPI" */;
			compatibilityVersion = "Xcode 3.2";
			developmentRegion = English;
			hasScannedForEncodings = 0;
			knownRegions = (
				en,
				Base,
			);
			mainGroup = 6305BBB11F330A8E00C58714;
			productRefGroup = 6305BBBB1F330A8E00C58714 /* Products */;
			projectDirPath = "";
			projectRoot = "";
			targets = (
				6305BBB91F330A8E00C58714 /* LoginwithCoinsecureAPI */,
			);
		};
/* End PBXProject section */

/* Begin PBXResourcesBuildPhase section */
		6305BBB81F330A8E00C58714 /* Resources */ = {
			isa = PBXResourcesBuildPhase;
			buildActionMask = 2147483647;
			files = (
				6305BBC81F330A8E00C58714 /* LaunchScreen.storyboard in Resources */,
				6305BBC51F330A8E00C58714 /* Assets.xcassets in Resources */,
				6305BBC31F330A8E00C58714 /* Main.storyboard in Resources */,
			);
			runOnlyForDeploymentPostprocessing = 0;
		};
/* End PBXResourcesBuildPhase section */

/* Begin PBXSourcesBuildPhase section */
		6305BBB61F330A8E00C58714 /* Sources */ = {
			isa = PBXSourcesBuildPhase;
			buildActionMask = 2147483647;
			files = (
				6305BBD01F3324B600C58714 /* LoginViewController.swift in Sources */,
				6305BBD21F3324C400C58714 /* MainScreenViewController.swift in Sources */,
				6305BBC01F330A8E00C58714 /* ViewController.swift in Sources */,
				6305BBBE1F330A8E00C58714 /* AppDelegate.swift in Sources */,
			);
			runOnlyForDeploymentPostprocessing = 0;
		};
/* End PBXSourcesBuildPhase section */

/* Begin PBXVariantGroup section */
		6305BBC11F330A8E00C58714 /* Main.storyboard */ = {
			isa = PBXVariantGroup;
			children = (
				6305BBC21F330A8E00C58714 /* Base */,
			);
			name = Main.storyboard;
			sourceTree = "<group>";
		};
		6305BBC61F330A8E00C58714 /* LaunchScreen.storyboard */ = {
			isa = PBXVariantGroup;
			children = (
				6305BBC71F330A8E00C58714 /* Base */,
			);
			name = LaunchScreen.storyboard;
			sourceTree = "<group>";
		};
/* End PBXVariantGroup section */

/* Begin XCBuildConfiguration section */
		6305BBCA1F330A8E00C58714 /* Debug */ = {
			isa = XCBuildConfiguration;
			buildSettings = {
				ALWAYS_SEARCH_USER_PATHS = NO;
				CLANG_ANALYZER_NONNULL = YES;
				CLANG_ANALYZER_NUMBER_OBJECT_CONVERSION = YES_AGGRESSIVE;
				CLANG_CXX_LANGUAGE_STANDARD = "gnu++0x";
				CLANG_CXX_LIBRARY = "libc++";
				CLANG_ENABLE_MODULES = YES;
				CLANG_ENABLE_OBJC_ARC = YES;
				CLANG_WARN_BOOL_CONVERSION = YES;
				CLANG_WARN_CONSTANT_CONVERSION = YES;
				CLANG_WARN_DIRECT_OBJC_ISA_USAGE = YES_ERROR;
				CLANG_WARN_DOCUMENTATION_COMMENTS = YES;
				CLANG_WARN_EMPTY_BODY = YES;
				CLANG_WARN_ENUM_CONVERSION = YES;
				CLANG_WARN_INFINITE_RECURSION = YES;
				CLANG_WARN_INT_CONVERSION = YES;
				CLANG_WARN_OBJC_ROOT_CLASS = YES_ERROR;
				CLANG_WARN_SUSPICIOUS_MOVE = YES;
				CLANG_WARN_UNREACHABLE_CODE = YES;
				CLANG_WARN__DUPLICATE_METHOD_MATCH = YES;
				"CODE_SIGN_IDENTITY[sdk=iphoneos*]" = "iPhone Developer";
				COPY_PHASE_STRIP = NO;
				DEBUG_INFORMATION_FORMAT = dwarf;
				ENABLE_STRICT_OBJC_MSGSEND = YES;
				ENABLE_TESTABILITY = YES;
				GCC_C_LANGUAGE_STANDARD = gnu99;
				GCC_DYNAMIC_NO_PIC = NO;
				GCC_NO_COMMON_BLOCKS = YES;
				GCC_OPTIMIZATION_LEVEL = 0;
				GCC_PREPROCESSOR_DEFINITIONS = (
					"DEBUG=1",
					"$(inherited)",
				);
				GCC_WARN_64_TO_32_BIT_CONVERSION = YES;
				GCC_WARN_ABOUT_RETURN_TYPE = YES_ERROR;
				GCC_WARN_UNDECLARED_SELECTOR = YES;
				GCC_WARN_UNINITIALIZED_AUTOS = YES_AGGRESSIVE;
				GCC_WARN_UNUSED_FUNCTION = YES;
				GCC_WARN_UNUSED_VARIABLE = YES;
				IPHONEOS_DEPLOYMENT_TARGET = 10.3;
				MTL_ENABLE_DEBUG_INFO = YES;
				ONLY_ACTIVE_ARCH = YES;
				SDKROOT = iphoneos;
				SWIFT_ACTIVE_COMPILATION_CONDITIONS = DEBUG;
				SWIFT_OPTIMIZATION_LEVEL = "-Onone";
			};
			name = Debug;
		};
		6305BBCB1F330A8E00C58714 /* Release */ = {
			isa = XCBuildConfiguration;
			buildSettings = {
				ALWAYS_SEARCH_USER_PATHS = NO;
				CLANG_ANALYZER_NONNULL = YES;
				CLANG_ANALYZER_NUMBER_OBJECT_CONVERSION = YES_AGGRESSIVE;
				CLANG_CXX_LANGUAGE_STANDARD = "gnu++0x";
				CLANG_CXX_LIBRARY = "libc++";
				CLANG_ENABLE_MODULES = YES;
				CLANG_ENABLE_OBJC_ARC = YES;
				CLANG_WARN_BOOL_CONVERSION = YES;
				CLANG_WARN_CONSTANT_CONVERSION = YES;
				CLANG_WARN_DIRECT_OBJC_ISA_USAGE = YES_ERROR;
				CLANG_WARN_DOCUMENTATION_COMMENTS = YES;
				CLANG_WARN_EMPTY_BODY = YES;
				CLANG_WARN_ENUM_CONVERSION = YES;
				CLANG_WARN_INFINITE_RECURSION = YES;
				CLANG_WARN_INT_CONVERSION = YES;
				CLANG_WARN_OBJC_ROOT_CLASS = YES_ERROR;
				CLANG_WARN_SUSPICIOUS_MOVE = YES;
				CLANG_WARN_UNREACHABLE_CODE = YES;
				CLANG_WARN__DUPLICATE_METHOD_MATCH = YES;
				"CODE_SIGN_IDENTITY[sdk=iphoneos*]" = "iPhone Developer";
				COPY_PHASE_STRIP = NO;
				DEBUG_INFORMATION_FORMAT = "dwarf-with-dsym";
				ENABLE_NS_ASSERTIONS = NO;
				ENABLE_STRICT_OBJC_MSGSEND = YES;
				GCC_C_LANGUAGE_STANDARD = gnu99;
				GCC_NO_COMMON_BLOCKS = YES;
				GCC_WARN_64_TO_32_BIT_CONVERSION = YES;
				GCC_WARN_ABOUT_RETURN_TYPE = YES_ERROR;
				GCC_WARN_UNDECLARED_SELECTOR = YES;
				GCC_WARN_UNINITIALIZED_AUTOS = YES_AGGRESSIVE;
				GCC_WARN_UNUSED_FUNCTION = YES;
				GCC_WARN_UNUSED_VARIABLE = YES;
				IPHONEOS_DEPLOYMENT_TARGET = 10.3;
				MTL_ENABLE_DEBUG_INFO = NO;
				SDKROOT = iphoneos;
				SWIFT_OPTIMIZATION_LEVEL = "-Owholemodule";
				VALIDATE_PRODUCT = YES;
			};
			name = Release;
		};
		6305BBCD1F330A8E00C58714 /* Debug */ = {
			isa = XCBuildConfiguration;
			buildSettings = {
				ASSETCATALOG_COMPILER_APPICON_NAME = AppIcon;
				DEVELOPMENT_TEAM = 7CZRA7KNK3;
				INFOPLIST_FILE = LoginwithCoinsecureAPI/Info.plist;
				LD_RUNPATH_SEARCH_PATHS = "$(inherited) @executable_path/Frameworks";
				PRODUCT_BUNDLE_IDENTIFIER = com.qtsvn.paul.LoginwithCoinsecureAPI;
				PRODUCT_NAME = "$(TARGET_NAME)";
				SWIFT_VERSION = 3.0;
			};
			name = Debug;
		};
		6305BBCE1F330A8E00C58714 /* Release */ = {
			isa = XCBuildConfiguration;
			buildSettings = {
				ASSETCATALOG_COMPILER_APPICON_NAME = AppIcon;
				DEVELOPMENT_TEAM = 7CZRA7KNK3;
				INFOPLIST_FILE = LoginwithCoinsecureAPI/Info.plist;
				LD_RUNPATH_SEARCH_PATHS = "$(inherited) @executable_path/Frameworks";
				PRODUCT_BUNDLE_IDENTIFIER = com.qtsvn.paul.LoginwithCoinsecureAPI;
				PRODUCT_NAME = "$(TARGET_NAME)";
				SWIFT_VERSION = 3.0;
			};
			name = Release;
		};
/* End XCBuildConfiguration section */

/* Begin XCConfigurationList section */
		6305BBB51F330A8E00C58714 /* Build configuration list for PBXProject "LoginwithCoinsecureAPI" */ = {
			isa = XCConfigurationList;
			buildConfigurations = (
				6305BBCA1F330A8E00C58714 /* Debug */,
				6305BBCB1F330A8E00C58714 /* Release */,
			);
			defaultConfigurationIsVisible = 0;
			defaultConfigurationName = Release;
		};
		6305BBCC1F330A8E00C58714 /* Build configuration list for PBXNativeTarget "LoginwithCoinsecureAPI" */ = {
			isa = XCConfigurationList;
			buildConfigurations = (
				6305BBCD1F330A8E00C58714 /* Debug */,
				6305BBCE1F330A8E00C58714 /* Release */,
			);
			defaultConfigurationIsVisible = 0;
		};
/* End XCConfigurationList section */
	};
	rootObject = 6305BBB21F330A8E00C58714 /* Project object */;
}
